
Microsoft Visual Studio Solution File, Format Version 12.00
# Visual Studio Version 16
VisualStudioVersion = 16.0.30621.155
MinimumVisualStudioVersion = 10.0.40219.1
Project("{FAE04EC0-301F-11D3-BF4B-00C04F79EFBC}") = "Shop", "Shop\Shop.csproj", "{36CFAFB1-FCE6-4791-8554-3A7316AE6693}"
EndProject
Global
	GlobalSection(SolutionConfigurationPlatforms) = preSolution
		Debug|Any CPU = Debug|Any CPU
		Release|Any CPU = Release|Any CPU
	EndGlobalSection
	GlobalSection(ProjectConfigurationPlatforms) = postSolution
		{36CFAFB1-FCE6-4791-8554-3A7316AE6693}.Debug|Any CPU.ActiveCfg = Debug|Any CPU
		{36CFAFB1-FCE6-4791-8554-3A7316AE6693}.Debug|Any CPU.Build.0 = Debug|Any CPU
		{36CFAFB1-FCE6-4791-8554-3A7316AE6693}.Release|Any CPU.ActiveCfg = Release|Any CPU
		{36CFAFB1-FCE6-4791-8554-3A7316AE6693}.Release|Any CPU.Build.0 = Release|Any CPU
	EndGlobalSection
	GlobalSection(SolutionProperties) = preSolution
		HideSolutionNode = FALSE
	EndGlobalSection
	GlobalSection(ExtensibilityGlobals) = postSolution
		SolutionGuid = {B7950B9C-E042-4870-9A46-BBADFB0DDB40}
	EndGlobalSection
EndGlobal
